
Microsoft Visual Studio Solution File, Format Version 12.00
# Visual Studio Version 16
VisualStudioVersion = 16.0.30128.36
MinimumVisualStudioVersion = 10.0.40219.1
Project("{9A19103F-16F7-4668-BE54-9A1E7A4F7556}") = "SemanticUI.Core", "SemanticUI.Core\SemanticUI.Core.csproj", "{AE45D676-59BA-48F3-B8A7-2EEB33FA980E}"
EndProject
Project("{9A19103F-16F7-4668-BE54-9A1E7A4F7556}") = "SemanticUI.Blazor", "SemanticUI.Blazor\SemanticUI.Blazor.csproj", "{4122831A-0732-4279-AEA3-4967336F9CEA}"
EndProject
Project("{2150E333-8FDC-42A3-9474-1A3956D46DE8}") = "Samples", "Samples", "{41B5ACD5-5FF9-444E-8E07-56A59044E586}"
EndProject
Project("{9A19103F-16F7-4668-BE54-9A1E7A4F7556}") = "SemanticUI.Blazor.Sample", "SemanticUI.Blazor.Sample\SemanticUI.Blazor.Sample.csproj", "{E57473B8-85A6-48EB-88F2-C6E7AAAD1C3B}"
EndProject
Project("{FAE04EC0-301F-11D3-BF4B-00C04F79EFBC}") = "SemanticUI.Resources", "SemanticUI.Resources\SemanticUI.Resources.csproj", "{5ED7B77A-57E4-475A-98D4-36FC6C96221F}"
EndProject
Global
	GlobalSection(SolutionConfigurationPlatforms) = preSolution
		Debug|Any CPU = Debug|Any CPU
		Release|Any CPU = Release|Any CPU
	EndGlobalSection
	GlobalSection(ProjectConfigurationPlatforms) = postSolution
		{AE45D676-59BA-48F3-B8A7-2EEB33FA980E}.Debug|Any CPU.ActiveCfg = Debug|Any CPU
		{AE45D676-59BA-48F3-B8A7-2EEB33FA980E}.Debug|Any CPU.Build.0 = Debug|Any CPU
		{AE45D676-59BA-48F3-B8A7-2EEB33FA980E}.Release|Any CPU.ActiveCfg = Release|Any CPU
		{AE45D676-59BA-48F3-B8A7-2EEB33FA980E}.Release|Any CPU.Build.0 = Release|Any CPU
		{4122831A-0732-4279-AEA3-4967336F9CEA}.Debug|Any CPU.ActiveCfg = Debug|Any CPU
		{4122831A-0732-4279-AEA3-4967336F9CEA}.Debug|Any CPU.Build.0 = Debug|Any CPU
		{4122831A-0732-4279-AEA3-4967336F9CEA}.Release|Any CPU.ActiveCfg = Release|Any CPU
		{4122831A-0732-4279-AEA3-4967336F9CEA}.Release|Any CPU.Build.0 = Release|Any CPU
		{E57473B8-85A6-48EB-88F2-C6E7AAAD1C3B}.Debug|Any CPU.ActiveCfg = Debug|Any CPU
		{E57473B8-85A6-48EB-88F2-C6E7AAAD1C3B}.Debug|Any CPU.Build.0 = Debug|Any CPU
		{E57473B8-85A6-48EB-88F2-C6E7AAAD1C3B}.Release|Any CPU.ActiveCfg = Release|Any CPU
		{E57473B8-85A6-48EB-88F2-C6E7AAAD1C3B}.Release|Any CPU.Build.0 = Release|Any CPU
		{5ED7B77A-57E4-475A-98D4-36FC6C96221F}.Debug|Any CPU.ActiveCfg = Debug|Any CPU
		{5ED7B77A-57E4-475A-98D4-36FC6C96221F}.Debug|Any CPU.Build.0 = Debug|Any CPU
		{5ED7B77A-57E4-475A-98D4-36FC6C96221F}.Release|Any CPU.ActiveCfg = Release|Any CPU
		{5ED7B77A-57E4-475A-98D4-36FC6C96221F}.Release|Any CPU.Build.0 = Release|Any CPU
	EndGlobalSection
	GlobalSection(SolutionProperties) = preSolution
		HideSolutionNode = FALSE
	EndGlobalSection
	GlobalSection(NestedProjects) = preSolution
		{E57473B8-85A6-48EB-88F2-C6E7AAAD1C3B} = {41B5ACD5-5FF9-444E-8E07-56A59044E586}
	EndGlobalSection
	GlobalSection(ExtensibilityGlobals) = postSolution
		SolutionGuid = {19DBC3B6-9EDC-4EF2-8567-F89349169320}
	EndGlobalSection
EndGlobal
