
Microsoft Visual Studio Solution File, Format Version 12.00
# Visual Studio Version 16
VisualStudioVersion = 16.0.30128.36
MinimumVisualStudioVersion = 10.0.40219.1
Project("{FAE04EC0-301F-11D3-BF4B-00C04F79EFBC}") = "SemanticUI.Core", "SemanticUI.Core\SemanticUI.Core.csproj", "{AE45D676-59BA-48F3-B8A7-2EEB33FA980E}"
EndProject
Project("{FAE04EC0-301F-11D3-BF4B-00C04F79EFBC}") = "SemanticUI.Blazor", "SemanticUI.Blazor\SemanticUI.Blazor.csproj", "{4122831A-0732-4279-AEA3-4967336F9CEA}"
EndProject
Global
	GlobalSection(SolutionConfigurationPlatforms) = preSolution
		Debug|Any CPU = Debug|Any CPU
		Release|Any CPU = Release|Any CPU
	EndGlobalSection
	GlobalSection(ProjectConfigurationPlatforms) = postSolution
		{AE45D676-59BA-48F3-B8A7-2EEB33FA980E}.Debug|Any CPU.ActiveCfg = Debug|Any CPU
		{AE45D676-59BA-48F3-B8A7-2EEB33FA980E}.Debug|Any CPU.Build.0 = Debug|Any CPU
		{AE45D676-59BA-48F3-B8A7-2EEB33FA980E}.Release|Any CPU.ActiveCfg = Release|Any CPU
		{AE45D676-59BA-48F3-B8A7-2EEB33FA980E}.Release|Any CPU.Build.0 = Release|Any CPU
		{4122831A-0732-4279-AEA3-4967336F9CEA}.Debug|Any CPU.ActiveCfg = Debug|Any CPU
		{4122831A-0732-4279-AEA3-4967336F9CEA}.Debug|Any CPU.Build.0 = Debug|Any CPU
		{4122831A-0732-4279-AEA3-4967336F9CEA}.Release|Any CPU.ActiveCfg = Release|Any CPU
		{4122831A-0732-4279-AEA3-4967336F9CEA}.Release|Any CPU.Build.0 = Release|Any CPU
	EndGlobalSection
	GlobalSection(SolutionProperties) = preSolution
		HideSolutionNode = FALSE
	EndGlobalSection
	GlobalSection(ExtensibilityGlobals) = postSolution
		SolutionGuid = {19DBC3B6-9EDC-4EF2-8567-F89349169320}
	EndGlobalSection
EndGlobal
